
Microsoft Visual Studio Solution File, Format Version 12.00
# Visual Studio Version 16
VisualStudioVersion = 16.0.32901.82
MinimumVisualStudioVersion = 10.0.40219.1
Project("{9A19103F-16F7-4668-BE54-9A1E7A4F7556}") = "1-StringReverse", "1-StringReverse\1-StringReverse.csproj", "{4A5563A0-9FBA-46BC-9296-49F9CA1C7456}"
EndProject
Project("{9A19103F-16F7-4668-BE54-9A1E7A4F7556}") = "SingletonPattern", "SingletonPattern\SingletonPattern.csproj", "{BE8D3039-5B0A-4763-93AD-1FB7C147A2AD}"
EndProject
Project("{FAE04EC0-301F-11D3-BF4B-00C04F79EFBC}") = "FindLong_String", "FindLong_String\FindLong_String.csproj", "{86682EAA-D661-430B-B042-AF4F461406D7}"
EndProject
Global
	GlobalSection(SolutionConfigurationPlatforms) = preSolution
		Debug|Any CPU = Debug|Any CPU
		Release|Any CPU = Release|Any CPU
	EndGlobalSection
	GlobalSection(ProjectConfigurationPlatforms) = postSolution
		{4A5563A0-9FBA-46BC-9296-49F9CA1C7456}.Debug|Any CPU.ActiveCfg = Debug|Any CPU
		{4A5563A0-9FBA-46BC-9296-49F9CA1C7456}.Debug|Any CPU.Build.0 = Debug|Any CPU
		{4A5563A0-9FBA-46BC-9296-49F9CA1C7456}.Release|Any CPU.ActiveCfg = Release|Any CPU
		{4A5563A0-9FBA-46BC-9296-49F9CA1C7456}.Release|Any CPU.Build.0 = Release|Any CPU
		{BE8D3039-5B0A-4763-93AD-1FB7C147A2AD}.Debug|Any CPU.ActiveCfg = Debug|Any CPU
		{BE8D3039-5B0A-4763-93AD-1FB7C147A2AD}.Debug|Any CPU.Build.0 = Debug|Any CPU
		{BE8D3039-5B0A-4763-93AD-1FB7C147A2AD}.Release|Any CPU.ActiveCfg = Release|Any CPU
		{BE8D3039-5B0A-4763-93AD-1FB7C147A2AD}.Release|Any CPU.Build.0 = Release|Any CPU
		{86682EAA-D661-430B-B042-AF4F461406D7}.Debug|Any CPU.ActiveCfg = Debug|Any CPU
		{86682EAA-D661-430B-B042-AF4F461406D7}.Debug|Any CPU.Build.0 = Debug|Any CPU
		{86682EAA-D661-430B-B042-AF4F461406D7}.Release|Any CPU.ActiveCfg = Release|Any CPU
		{86682EAA-D661-430B-B042-AF4F461406D7}.Release|Any CPU.Build.0 = Release|Any CPU
	EndGlobalSection
	GlobalSection(SolutionProperties) = preSolution
		HideSolutionNode = FALSE
	EndGlobalSection
	GlobalSection(ExtensibilityGlobals) = postSolution
		SolutionGuid = {6B0AF34C-6BA0-4662-8A92-2928A3CF39FA}
	EndGlobalSection
EndGlobal
